// !$*UTF8*$!
{
	archiveVersion = 1;
	classes = {
	};
	objectVersion = 50;
	objects = {

/* Begin PBXBuildFile section */
		66E075D72562A49700315A7F /* iChatApp.swift in Sources */ = {isa = PBXBuildFile; fileRef = 66E075D62562A49700315A7F /* iChatApp.swift */; };
		66E075D92562A49700315A7F /* ContentView.swift in Sources */ = {isa = PBXBuildFile; fileRef = 66E075D82562A49700315A7F /* ContentView.swift */; };
		66E075DB2562A49800315A7F /* Assets.xcassets in Resources */ = {isa = PBXBuildFile; fileRef = 66E075DA2562A49800315A7F /* Assets.xcassets */; };
		66E075DE2562A49800315A7F /* Preview Assets.xcassets in Resources */ = {isa = PBXBuildFile; fileRef = 66E075DD2562A49800315A7F /* Preview Assets.xcassets */; };
		66E075E92562A49800315A7F /* iChatTests.swift in Sources */ = {isa = PBXBuildFile; fileRef = 66E075E82562A49800315A7F /* iChatTests.swift */; };
		66E075F42562A49900315A7F /* iChatUITests.swift in Sources */ = {isa = PBXBuildFile; fileRef = 66E075F32562A49900315A7F /* iChatUITests.swift */; };
		66E076062562A51D00315A7F /* AppDelegate.swift in Sources */ = {isa = PBXBuildFile; fileRef = 66E076052562A51D00315A7F /* AppDelegate.swift */; };
/* End PBXBuildFile section */

/* Begin PBXContainerItemProxy section */
		66E075E52562A49800315A7F /* PBXContainerItemProxy */ = {
			isa = PBXContainerItemProxy;
			containerPortal = 66E075CB2562A49700315A7F /* Project object */;
			proxyType = 1;
			remoteGlobalIDString = 66E075D22562A49700315A7F;
			remoteInfo = iChat;
		};
		66E075F02562A49900315A7F /* PBXContainerItemProxy */ = {
			isa = PBXContainerItemProxy;
			containerPortal = 66E075CB2562A49700315A7F /* Project object */;
			proxyType = 1;
			remoteGlobalIDString = 66E075D22562A49700315A7F;
			remoteInfo = iChat;
		};
/* End PBXContainerItemProxy section */

/* Begin PBXFileReference section */
		66E075D32562A49700315A7F /* iChat.app */ = {isa = PBXFileReference; explicitFileType = wrapper.application; includeInIndex = 0; path = iChat.app; sourceTree = BUILT_PRODUCTS_DIR; };
		66E075D62562A49700315A7F /* iChatApp.swift */ = {isa = PBXFileReference; lastKnownFileType = sourcecode.swift; path = iChatApp.swift; sourceTree = "<group>"; };
		66E075D82562A49700315A7F /* ContentView.swift */ = {isa = PBXFileReference; lastKnownFileType = sourcecode.swift; path = ContentView.swift; sourceTree = "<group>"; };
		66E075DA2562A49800315A7F /* Assets.xcassets */ = {isa = PBXFileReference; lastKnownFileType = folder.assetcatalog; path = Assets.xcassets; sourceTree = "<group>"; };
		66E075DD2562A49800315A7F /* Preview Assets.xcassets */ = {isa = PBXFileReference; lastKnownFileType = folder.assetcatalog; path = "Preview Assets.xcassets"; sourceTree = "<group>"; };
		66E075DF2562A49800315A7F /* Info.plist */ = {isa = PBXFileReference; lastKnownFileType = text.plist.xml; path = Info.plist; sourceTree = "<group>"; };
		66E075E42562A49800315A7F /* iChatTests.xctest */ = {isa = PBXFileReference; explicitFileType = wrapper.cfbundle; includeInIndex = 0; path = iChatTests.xctest; sourceTree = BUILT_PRODUCTS_DIR; };
		66E075E82562A49800315A7F /* iChatTests.swift */ = {isa = PBXFileReference; lastKnownFileType = sourcecode.swift; path = iChatTests.swift; sourceTree = "<group>"; };
		66E075EA2562A49800315A7F /* Info.plist */ = {isa = PBXFileReference; lastKnownFileType = text.plist.xml; path = Info.plist; sourceTree = "<group>"; };
		66E075EF2562A49900315A7F /* iChatUITests.xctest */ = {isa = PBXFileReference; explicitFileType = wrapper.cfbundle; includeInIndex = 0; path = iChatUITests.xctest; sourceTree = BUILT_PRODUCTS_DIR; };
		66E075F32562A49900315A7F /* iChatUITests.swift */ = {isa = PBXFileReference; lastKnownFileType = sourcecode.swift; path = iChatUITests.swift; sourceTree = "<group>"; };
		66E075F52562A49900315A7F /* Info.plist */ = {isa = PBXFileReference; lastKnownFileType = text.plist.xml; path = Info.plist; sourceTree = "<group>"; };
		66E076052562A51D00315A7F /* AppDelegate.swift */ = {isa = PBXFileReference; lastKnownFileType = sourcecode.swift; path = AppDelegate.swift; sourceTree = "<group>"; };
/* End PBXFileReference section */

/* Begin PBXFrameworksBuildPhase section */
		66E075D02562A49700315A7F /* Frameworks */ = {
			isa = PBXFrameworksBuildPhase;
			buildActionMask = 2147483647;
			files = (
			);
			runOnlyForDeploymentPostprocessing = 0;
		};
		66E075E12562A49800315A7F /* Frameworks */ = {
			isa = PBXFrameworksBuildPhase;
			buildActionMask = 2147483647;
			files = (
			);
			runOnlyForDeploymentPostprocessing = 0;
		};
		66E075EC2562A49900315A7F /* Frameworks */ = {
			isa = PBXFrameworksBuildPhase;
			buildActionMask = 2147483647;
			files = (
			);
			runOnlyForDeploymentPostprocessing = 0;
		};
/* End PBXFrameworksBuildPhase section */

/* Begin PBXGroup section */
		66E075CA2562A49700315A7F = {
			isa = PBXGroup;
			children = (
				66E075D52562A49700315A7F /* iChat */,
				66E075E72562A49800315A7F /* iChatTests */,
				66E075F22562A49900315A7F /* iChatUITests */,
				66E075D42562A49700315A7F /* Products */,
			);
			sourceTree = "<group>";
		};
		66E075D42562A49700315A7F /* Products */ = {
			isa = PBXGroup;
			children = (
				66E075D32562A49700315A7F /* iChat.app */,
				66E075E42562A49800315A7F /* iChatTests.xctest */,
				66E075EF2562A49900315A7F /* iChatUITests.xctest */,
			);
			name = Products;
			sourceTree = "<group>";
		};
		66E075D52562A49700315A7F /* iChat */ = {
			isa = PBXGroup;
			children = (
				66E075D62562A49700315A7F /* iChatApp.swift */,
				66E075D82562A49700315A7F /* ContentView.swift */,
				66E075DA2562A49800315A7F /* Assets.xcassets */,
				66E075DF2562A49800315A7F /* Info.plist */,
				66E075DC2562A49800315A7F /* Preview Content */,
				66E076052562A51D00315A7F /* AppDelegate.swift */,
			);
			path = iChat;
			sourceTree = "<group>";
		};
		66E075DC2562A49800315A7F /* Preview Content */ = {
			isa = PBXGroup;
			children = (
				66E075DD2562A49800315A7F /* Preview Assets.xcassets */,
			);
			path = "Preview Content";
			sourceTree = "<group>";
		};
		66E075E72562A49800315A7F /* iChatTests */ = {
			isa = PBXGroup;
			children = (
				66E075E82562A49800315A7F /* iChatTests.swift */,
				66E075EA2562A49800315A7F /* Info.plist */,
			);
			path = iChatTests;
			sourceTree = "<group>";
		};
		66E075F22562A49900315A7F /* iChatUITests */ = {
			isa = PBXGroup;
			children = (
				66E075F32562A49900315A7F /* iChatUITests.swift */,
				66E075F52562A49900315A7F /* Info.plist */,
			);
			path = iChatUITests;
			sourceTree = "<group>";
		};
/* End PBXGroup section */

/* Begin PBXNativeTarget section */
		66E075D22562A49700315A7F /* iChat */ = {
			isa = PBXNativeTarget;
			buildConfigurationList = 66E075F82562A49900315A7F /* Build configuration list for PBXNativeTarget "iChat" */;
			buildPhases = (
				66E075CF2562A49700315A7F /* Sources */,
				66E075D02562A49700315A7F /* Frameworks */,
				66E075D12562A49700315A7F /* Resources */,
			);
			buildRules = (
			);
			dependencies = (
			);
			name = iChat;
			productName = iChat;
			productReference = 66E075D32562A49700315A7F /* iChat.app */;
			productType = "com.apple.product-type.application";
		};
		66E075E32562A49800315A7F /* iChatTests */ = {
			isa = PBXNativeTarget;
			buildConfigurationList = 66E075FB2562A49900315A7F /* Build configuration list for PBXNativeTarget "iChatTests" */;
			buildPhases = (
				66E075E02562A49800315A7F /* Sources */,
				66E075E12562A49800315A7F /* Frameworks */,
				66E075E22562A49800315A7F /* Resources */,
			);
			buildRules = (
			);
			dependencies = (
				66E075E62562A49800315A7F /* PBXTargetDependency */,
			);
			name = iChatTests;
			productName = iChatTests;
			productReference = 66E075E42562A49800315A7F /* iChatTests.xctest */;
			productType = "com.apple.product-type.bundle.unit-test";
		};
		66E075EE2562A49900315A7F /* iChatUITests */ = {
			isa = PBXNativeTarget;
			buildConfigurationList = 66E075FE2562A49900315A7F /* Build configuration list for PBXNativeTarget "iChatUITests" */;
			buildPhases = (
				66E075EB2562A49900315A7F /* Sources */,
				66E075EC2562A49900315A7F /* Frameworks */,
				66E075ED2562A49900315A7F /* Resources */,
			);
			buildRules = (
			);
			dependencies = (
				66E075F12562A49900315A7F /* PBXTargetDependency */,
			);
			name = iChatUITests;
			productName = iChatUITests;
			productReference = 66E075EF2562A49900315A7F /* iChatUITests.xctest */;
			productType = "com.apple.product-type.bundle.ui-testing";
		};
/* End PBXNativeTarget section */

/* Begin PBXProject section */
		66E075CB2562A49700315A7F /* Project object */ = {
			isa = PBXProject;
			attributes = {
				LastSwiftUpdateCheck = 1220;
				LastUpgradeCheck = 1220;
				TargetAttributes = {
					66E075D22562A49700315A7F = {
						CreatedOnToolsVersion = 12.2;
					};
					66E075E32562A49800315A7F = {
						CreatedOnToolsVersion = 12.2;
						TestTargetID = 66E075D22562A49700315A7F;
					};
					66E075EE2562A49900315A7F = {
						CreatedOnToolsVersion = 12.2;
						TestTargetID = 66E075D22562A49700315A7F;
					};
				};
			};
			buildConfigurationList = 66E075CE2562A49700315A7F /* Build configuration list for PBXProject "iChat" */;
			compatibilityVersion = "Xcode 9.3";
			developmentRegion = en;
			hasScannedForEncodings = 0;
			knownRegions = (
				en,
				Base,
			);
			mainGroup = 66E075CA2562A49700315A7F;
			productRefGroup = 66E075D42562A49700315A7F /* Products */;
			projectDirPath = "";
			projectRoot = "";
			targets = (
				66E075D22562A49700315A7F /* iChat */,
				66E075E32562A49800315A7F /* iChatTests */,
				66E075EE2562A49900315A7F /* iChatUITests */,
			);
		};
/* End PBXProject section */

/* Begin PBXResourcesBuildPhase section */
		66E075D12562A49700315A7F /* Resources */ = {
			isa = PBXResourcesBuildPhase;
			buildActionMask = 2147483647;
			files = (
				66E075DE2562A49800315A7F /* Preview Assets.xcassets in Resources */,
				66E075DB2562A49800315A7F /* Assets.xcassets in Resources */,
			);
			runOnlyForDeploymentPostprocessing = 0;
		};
		66E075E22562A49800315A7F /* Resources */ = {
			isa = PBXResourcesBuildPhase;
			buildActionMask = 2147483647;
			files = (
			);
			runOnlyForDeploymentPostprocessing = 0;
		};
		66E075ED2562A49900315A7F /* Resources */ = {
			isa = PBXResourcesBuildPhase;
			buildActionMask = 2147483647;
			files = (
			);
			runOnlyForDeploymentPostprocessing = 0;
		};
/* End PBXResourcesBuildPhase section */

/* Begin PBXSourcesBuildPhase section */
		66E075CF2562A49700315A7F /* Sources */ = {
			isa = PBXSourcesBuildPhase;
			buildActionMask = 2147483647;
			files = (
				66E076062562A51D00315A7F /* AppDelegate.swift in Sources */,
				66E075D92562A49700315A7F /* ContentView.swift in Sources */,
				66E075D72562A49700315A7F /* iChatApp.swift in Sources */,
			);
			runOnlyForDeploymentPostprocessing = 0;
		};
		66E075E02562A49800315A7F /* Sources */ = {
			isa = PBXSourcesBuildPhase;
			buildActionMask = 2147483647;
			files = (
				66E075E92562A49800315A7F /* iChatTests.swift in Sources */,
			);
			runOnlyForDeploymentPostprocessing = 0;
		};
		66E075EB2562A49900315A7F /* Sources */ = {
			isa = PBXSourcesBuildPhase;
			buildActionMask = 2147483647;
			files = (
				66E075F42562A49900315A7F /* iChatUITests.swift in Sources */,
			);
			runOnlyForDeploymentPostprocessing = 0;
		};
/* End PBXSourcesBuildPhase section */

/* Begin PBXTargetDependency section */
		66E075E62562A49800315A7F /* PBXTargetDependency */ = {
			isa = PBXTargetDependency;
			target = 66E075D22562A49700315A7F /* iChat */;
			targetProxy = 66E075E52562A49800315A7F /* PBXContainerItemProxy */;
		};
		66E075F12562A49900315A7F /* PBXTargetDependency */ = {
			isa = PBXTargetDependency;
			target = 66E075D22562A49700315A7F /* iChat */;
			targetProxy = 66E075F02562A49900315A7F /* PBXContainerItemProxy */;
		};
/* End PBXTargetDependency section */

/* Begin XCBuildConfiguration section */
		66E075F62562A49900315A7F /* Debug */ = {
			isa = XCBuildConfiguration;
			buildSettings = {
				ALWAYS_SEARCH_USER_PATHS = NO;
				CLANG_ANALYZER_NONNULL = YES;
				CLANG_ANALYZER_NUMBER_OBJECT_CONVERSION = YES_AGGRESSIVE;
				CLANG_CXX_LANGUAGE_STANDARD = "gnu++14";
				CLANG_CXX_LIBRARY = "libc++";
				CLANG_ENABLE_MODULES = YES;
				CLANG_ENABLE_OBJC_ARC = YES;
				CLANG_ENABLE_OBJC_WEAK = YES;
				CLANG_WARN_BLOCK_CAPTURE_AUTORELEASING = YES;
				CLANG_WARN_BOOL_CONVERSION = YES;
				CLANG_WARN_COMMA = YES;
				CLANG_WARN_CONSTANT_CONVERSION = YES;
				CLANG_WARN_DEPRECATED_OBJC_IMPLEMENTATIONS = YES;
				CLANG_WARN_DIRECT_OBJC_ISA_USAGE = YES_ERROR;
				CLANG_WARN_DOCUMENTATION_COMMENTS = YES;
				CLANG_WARN_EMPTY_BODY = YES;
				CLANG_WARN_ENUM_CONVERSION = YES;
				CLANG_WARN_INFINITE_RECURSION = YES;
				CLANG_WARN_INT_CONVERSION = YES;
				CLANG_WARN_NON_LITERAL_NULL_CONVERSION = YES;
				CLANG_WARN_OBJC_IMPLICIT_RETAIN_SELF = YES;
				CLANG_WARN_OBJC_LITERAL_CONVERSION = YES;
				CLANG_WARN_OBJC_ROOT_CLASS = YES_ERROR;
				CLANG_WARN_QUOTED_INCLUDE_IN_FRAMEWORK_HEADER = YES;
				CLANG_WARN_RANGE_LOOP_ANALYSIS = YES;
				CLANG_WARN_STRICT_PROTOTYPES = YES;
				CLANG_WARN_SUSPICIOUS_MOVE = YES;
				CLANG_WARN_UNGUARDED_AVAILABILITY = YES_AGGRESSIVE;
				CLANG_WARN_UNREACHABLE_CODE = YES;
				CLANG_WARN__DUPLICATE_METHOD_MATCH = YES;
				COPY_PHASE_STRIP = NO;
				DEBUG_INFORMATION_FORMAT = dwarf;
				ENABLE_STRICT_OBJC_MSGSEND = YES;
				ENABLE_TESTABILITY = YES;
				GCC_C_LANGUAGE_STANDARD = gnu11;
				GCC_DYNAMIC_NO_PIC = NO;
				GCC_NO_COMMON_BLOCKS = YES;
				GCC_OPTIMIZATION_LEVEL = 0;
				GCC_PREPROCESSOR_DEFINITIONS = (
					"DEBUG=1",
					"$(inherited)",
				);
				GCC_WARN_64_TO_32_BIT_CONVERSION = YES;
				GCC_WARN_ABOUT_RETURN_TYPE = YES_ERROR;
				GCC_WARN_UNDECLARED_SELECTOR = YES;
				GCC_WARN_UNINITIALIZED_AUTOS = YES_AGGRESSIVE;
				GCC_WARN_UNUSED_FUNCTION = YES;
				GCC_WARN_UNUSED_VARIABLE = YES;
				IPHONEOS_DEPLOYMENT_TARGET = 14.2;
				MTL_ENABLE_DEBUG_INFO = INCLUDE_SOURCE;
				MTL_FAST_MATH = YES;
				ONLY_ACTIVE_ARCH = YES;
				SDKROOT = iphoneos;
				SWIFT_ACTIVE_COMPILATION_CONDITIONS = DEBUG;
				SWIFT_OPTIMIZATION_LEVEL = "-Onone";
			};
			name = Debug;
		};
		66E075F72562A49900315A7F /* Release */ = {
			isa = XCBuildConfiguration;
			buildSettings = {
				ALWAYS_SEARCH_USER_PATHS = NO;
				CLANG_ANALYZER_NONNULL = YES;
				CLANG_ANALYZER_NUMBER_OBJECT_CONVERSION = YES_AGGRESSIVE;
				CLANG_CXX_LANGUAGE_STANDARD = "gnu++14";
				CLANG_CXX_LIBRARY = "libc++";
				CLANG_ENABLE_MODULES = YES;
				CLANG_ENABLE_OBJC_ARC = YES;
				CLANG_ENABLE_OBJC_WEAK = YES;
				CLANG_WARN_BLOCK_CAPTURE_AUTORELEASING = YES;
				CLANG_WARN_BOOL_CONVERSION = YES;
				CLANG_WARN_COMMA = YES;
				CLANG_WARN_CONSTANT_CONVERSION = YES;
				CLANG_WARN_DEPRECATED_OBJC_IMPLEMENTATIONS = YES;
				CLANG_WARN_DIRECT_OBJC_ISA_USAGE = YES_ERROR;
				CLANG_WARN_DOCUMENTATION_COMMENTS = YES;
				CLANG_WARN_EMPTY_BODY = YES;
				CLANG_WARN_ENUM_CONVERSION = YES;
				CLANG_WARN_INFINITE_RECURSION = YES;
				CLANG_WARN_INT_CONVERSION = YES;
				CLANG_WARN_NON_LITERAL_NULL_CONVERSION = YES;
				CLANG_WARN_OBJC_IMPLICIT_RETAIN_SELF = YES;
				CLANG_WARN_OBJC_LITERAL_CONVERSION = YES;
				CLANG_WARN_OBJC_ROOT_CLASS = YES_ERROR;
				CLANG_WARN_QUOTED_INCLUDE_IN_FRAMEWORK_HEADER = YES;
				CLANG_WARN_RANGE_LOOP_ANALYSIS = YES;
				CLANG_WARN_STRICT_PROTOTYPES = YES;
				CLANG_WARN_SUSPICIOUS_MOVE = YES;
				CLANG_WARN_UNGUARDED_AVAILABILITY = YES_AGGRESSIVE;
				CLANG_WARN_UNREACHABLE_CODE = YES;
				CLANG_WARN__DUPLICATE_METHOD_MATCH = YES;
				COPY_PHASE_STRIP = NO;
				DEBUG_INFORMATION_FORMAT = "dwarf-with-dsym";
				ENABLE_NS_ASSERTIONS = NO;
				ENABLE_STRICT_OBJC_MSGSEND = YES;
				GCC_C_LANGUAGE_STANDARD = gnu11;
				GCC_NO_COMMON_BLOCKS = YES;
				GCC_WARN_64_TO_32_BIT_CONVERSION = YES;
				GCC_WARN_ABOUT_RETURN_TYPE = YES_ERROR;
				GCC_WARN_UNDECLARED_SELECTOR = YES;
				GCC_WARN_UNINITIALIZED_AUTOS = YES_AGGRESSIVE;
				GCC_WARN_UNUSED_FUNCTION = YES;
				GCC_WARN_UNUSED_VARIABLE = YES;
				IPHONEOS_DEPLOYMENT_TARGET = 14.2;
				MTL_ENABLE_DEBUG_INFO = NO;
				MTL_FAST_MATH = YES;
				SDKROOT = iphoneos;
				SWIFT_COMPILATION_MODE = wholemodule;
				SWIFT_OPTIMIZATION_LEVEL = "-O";
				VALIDATE_PRODUCT = YES;
			};
			name = Release;
		};
		66E075F92562A49900315A7F /* Debug */ = {
			isa = XCBuildConfiguration;
			buildSettings = {
				ASSETCATALOG_COMPILER_APPICON_NAME = AppIcon;
				ASSETCATALOG_COMPILER_GLOBAL_ACCENT_COLOR_NAME = AccentColor;
				CODE_SIGN_STYLE = Automatic;
				DEVELOPMENT_ASSET_PATHS = "\"iChat/Preview Content\"";
				DEVELOPMENT_TEAM = SH2SLYT4C7;
				ENABLE_PREVIEWS = YES;
				INFOPLIST_FILE = iChat/Info.plist;
				IPHONEOS_DEPLOYMENT_TARGET = 14.0;
				LD_RUNPATH_SEARCH_PATHS = (
					"$(inherited)",
					"@executable_path/Frameworks",
				);
				PRODUCT_BUNDLE_IDENTIFIER = "com.IO-Tech.iChat";
				PRODUCT_NAME = "$(TARGET_NAME)";
				SWIFT_VERSION = 5.0;
				TARGETED_DEVICE_FAMILY = "1,2";
			};
			name = Debug;
		};
		66E075FA2562A49900315A7F /* Release */ = {
			isa = XCBuildConfiguration;
			buildSettings = {
				ASSETCATALOG_COMPILER_APPICON_NAME = AppIcon;
				ASSETCATALOG_COMPILER_GLOBAL_ACCENT_COLOR_NAME = AccentColor;
				CODE_SIGN_STYLE = Automatic;
				DEVELOPMENT_ASSET_PATHS = "\"iChat/Preview Content\"";
				DEVELOPMENT_TEAM = SH2SLYT4C7;
				ENABLE_PREVIEWS = YES;
				INFOPLIST_FILE = iChat/Info.plist;
				IPHONEOS_DEPLOYMENT_TARGET = 14.0;
				LD_RUNPATH_SEARCH_PATHS = (
					"$(inherited)",
					"@executable_path/Frameworks",
				);
				PRODUCT_BUNDLE_IDENTIFIER = "com.IO-Tech.iChat";
				PRODUCT_NAME = "$(TARGET_NAME)";
				SWIFT_VERSION = 5.0;
				TARGETED_DEVICE_FAMILY = "1,2";
			};
			name = Release;
		};
		66E075FC2562A49900315A7F /* Debug */ = {
			isa = XCBuildConfiguration;
			buildSettings = {
				ALWAYS_EMBED_SWIFT_STANDARD_LIBRARIES = YES;
				BUNDLE_LOADER = "$(TEST_HOST)";
				CODE_SIGN_STYLE = Automatic;
				DEVELOPMENT_TEAM = SH2SLYT4C7;
				INFOPLIST_FILE = iChatTests/Info.plist;
				IPHONEOS_DEPLOYMENT_TARGET = 14.0;
				LD_RUNPATH_SEARCH_PATHS = (
					"$(inherited)",
					"@executable_path/Frameworks",
					"@loader_path/Frameworks",
				);
				PRODUCT_BUNDLE_IDENTIFIER = com.IoTeckh.iChatTests;
				PRODUCT_NAME = "$(TARGET_NAME)";
				SWIFT_VERSION = 5.0;
				TARGETED_DEVICE_FAMILY = "1,2";
				TEST_HOST = "$(BUILT_PRODUCTS_DIR)/iChat.app/iChat";
			};
			name = Debug;
		};
		66E075FD2562A49900315A7F /* Release */ = {
			isa = XCBuildConfiguration;
			buildSettings = {
				ALWAYS_EMBED_SWIFT_STANDARD_LIBRARIES = YES;
				BUNDLE_LOADER = "$(TEST_HOST)";
				CODE_SIGN_STYLE = Automatic;
				DEVELOPMENT_TEAM = SH2SLYT4C7;
				INFOPLIST_FILE = iChatTests/Info.plist;
				IPHONEOS_DEPLOYMENT_TARGET = 14.0;
				LD_RUNPATH_SEARCH_PATHS = (
					"$(inherited)",
					"@executable_path/Frameworks",
					"@loader_path/Frameworks",
				);
				PRODUCT_BUNDLE_IDENTIFIER = com.IoTeckh.iChatTests;
				PRODUCT_NAME = "$(TARGET_NAME)";
				SWIFT_VERSION = 5.0;
				TARGETED_DEVICE_FAMILY = "1,2";
				TEST_HOST = "$(BUILT_PRODUCTS_DIR)/iChat.app/iChat";
			};
			name = Release;
		};
		66E075FF2562A49900315A7F /* Debug */ = {
			isa = XCBuildConfiguration;
			buildSettings = {
				ALWAYS_EMBED_SWIFT_STANDARD_LIBRARIES = YES;
				CODE_SIGN_STYLE = Automatic;
				DEVELOPMENT_TEAM = SH2SLYT4C7;
				INFOPLIST_FILE = iChatUITests/Info.plist;
				LD_RUNPATH_SEARCH_PATHS = (
					"$(inherited)",
					"@executable_path/Frameworks",
					"@loader_path/Frameworks",
				);
				PRODUCT_BUNDLE_IDENTIFIER = com.IoTeckh.iChatUITests;
				PRODUCT_NAME = "$(TARGET_NAME)";
				SWIFT_VERSION = 5.0;
				TARGETED_DEVICE_FAMILY = "1,2";
				TEST_TARGET_NAME = iChat;
			};
			name = Debug;
		};
		66E076002562A49900315A7F /* Release */ = {
			isa = XCBuildConfiguration;
			buildSettings = {
				ALWAYS_EMBED_SWIFT_STANDARD_LIBRARIES = YES;
				CODE_SIGN_STYLE = Automatic;
				DEVELOPMENT_TEAM = SH2SLYT4C7;
				INFOPLIST_FILE = iChatUITests/Info.plist;
				LD_RUNPATH_SEARCH_PATHS = (
					"$(inherited)",
					"@executable_path/Frameworks",
					"@loader_path/Frameworks",
				);
				PRODUCT_BUNDLE_IDENTIFIER = com.IoTeckh.iChatUITests;
				PRODUCT_NAME = "$(TARGET_NAME)";
				SWIFT_VERSION = 5.0;
				TARGETED_DEVICE_FAMILY = "1,2";
				TEST_TARGET_NAME = iChat;
			};
			name = Release;
		};
/* End XCBuildConfiguration section */

/* Begin XCConfigurationList section */
		66E075CE2562A49700315A7F /* Build configuration list for PBXProject "iChat" */ = {
			isa = XCConfigurationList;
			buildConfigurations = (
				66E075F62562A49900315A7F /* Debug */,
				66E075F72562A49900315A7F /* Release */,
			);
			defaultConfigurationIsVisible = 0;
			defaultConfigurationName = Release;
		};
		66E075F82562A49900315A7F /* Build configuration list for PBXNativeTarget "iChat" */ = {
			isa = XCConfigurationList;
			buildConfigurations = (
				66E075F92562A49900315A7F /* Debug */,
				66E075FA2562A49900315A7F /* Release */,
			);
			defaultConfigurationIsVisible = 0;
			defaultConfigurationName = Release;
		};
		66E075FB2562A49900315A7F /* Build configuration list for PBXNativeTarget "iChatTests" */ = {
			isa = XCConfigurationList;
			buildConfigurations = (
				66E075FC2562A49900315A7F /* Debug */,
				66E075FD2562A49900315A7F /* Release */,
			);
			defaultConfigurationIsVisible = 0;
			defaultConfigurationName = Release;
		};
		66E075FE2562A49900315A7F /* Build configuration list for PBXNativeTarget "iChatUITests" */ = {
			isa = XCConfigurationList;
			buildConfigurations = (
				66E075FF2562A49900315A7F /* Debug */,
				66E076002562A49900315A7F /* Release */,
			);
			defaultConfigurationIsVisible = 0;
			defaultConfigurationName = Release;
		};
/* End XCConfigurationList section */
	};
	rootObject = 66E075CB2562A49700315A7F /* Project object */;
}
